
Microsoft Visual Studio Solution File, Format Version 12.00
# Visual Studio Version 17
VisualStudioVersion = 17.5.33424.131
MinimumVisualStudioVersion = 10.0.40219.1
Project("{FAE04EC0-301F-11D3-BF4B-00C04F79EFBC}") = "HrWebApp", "HrWebApp\HrWebApp.csproj", "{89CFEDF7-5B0A-42A8-81C3-CA2112C39F66}"
EndProject
Global
	GlobalSection(SolutionConfigurationPlatforms) = preSolution
		Debug|Any CPU = Debug|Any CPU
		Release|Any CPU = Release|Any CPU
	EndGlobalSection
	GlobalSection(ProjectConfigurationPlatforms) = postSolution
		{89CFEDF7-5B0A-42A8-81C3-CA2112C39F66}.Debug|Any CPU.ActiveCfg = Debug|Any CPU
		{89CFEDF7-5B0A-42A8-81C3-CA2112C39F66}.Debug|Any CPU.Build.0 = Debug|Any CPU
		{89CFEDF7-5B0A-42A8-81C3-CA2112C39F66}.Release|Any CPU.ActiveCfg = Release|Any CPU
		{89CFEDF7-5B0A-42A8-81C3-CA2112C39F66}.Release|Any CPU.Build.0 = Release|Any CPU
	EndGlobalSection
	GlobalSection(SolutionProperties) = preSolution
		HideSolutionNode = FALSE
	EndGlobalSection
	GlobalSection(ExtensibilityGlobals) = postSolution
		SolutionGuid = {7685CD4A-D82A-4F6D-A538-69B223B1A7CE}
	EndGlobalSection
EndGlobal
